// !$*UTF8*$!
{
	archiveVersion = 1;
	classes = {
	};
	objectVersion = 56;
	objects = {

/* Begin PBXBuildFile section */
		CB18FF162BF127D3003AFC51 /* ProductListFactory.swift in Sources */ = {isa = PBXBuildFile; fileRef = CB18FF152BF127D3003AFC51 /* ProductListFactory.swift */; };
		CB18FF1B2BF12BFD003AFC51 /* HTTPClient.swift in Sources */ = {isa = PBXBuildFile; fileRef = CB18FF1A2BF12BFD003AFC51 /* HTTPClient.swift */; };
		CB192A4B2BED8E5600DF9088 /* ProductListRepositoryType.swift in Sources */ = {isa = PBXBuildFile; fileRef = CB192A4A2BED8E5600DF9088 /* ProductListRepositoryType.swift */; };
		CB192A4D2BED8E8200DF9088 /* ProductDomainError.swift in Sources */ = {isa = PBXBuildFile; fileRef = CB192A4C2BED8E8200DF9088 /* ProductDomainError.swift */; };
		CB192A512BED942800DF9088 /* RatingDTO.swift in Sources */ = {isa = PBXBuildFile; fileRef = CB192A502BED942800DF9088 /* RatingDTO.swift */; };
		CB192A532BED943E00DF9088 /* ProductDTO.swift in Sources */ = {isa = PBXBuildFile; fileRef = CB192A522BED943E00DF9088 /* ProductDTO.swift */; };
		CB192A562BED948D00DF9088 /* HTTPClientError.swift in Sources */ = {isa = PBXBuildFile; fileRef = CB192A552BED948D00DF9088 /* HTTPClientError.swift */; };
		CB192A582BED94CE00DF9088 /* APIDataSourceType.swift in Sources */ = {isa = PBXBuildFile; fileRef = CB192A572BED94CE00DF9088 /* APIDataSourceType.swift */; };
		CB192A5A2BED9B9000DF9088 /* APIProductDataSource.swift in Sources */ = {isa = PBXBuildFile; fileRef = CB192A592BED9B9000DF9088 /* APIProductDataSource.swift */; };
		CB1BE24A2BF6ECE4008DFA3A /* ISProductItem.swift in Sources */ = {isa = PBXBuildFile; fileRef = CB1BE2492BF6ECE4008DFA3A /* ISProductItem.swift */; };
		CB63BBA22BF1740D00B8624F /* APIConstant.swift in Sources */ = {isa = PBXBuildFile; fileRef = CB63BBA12BF1740D00B8624F /* APIConstant.swift */; };
		CB6CD7C52BE7F1F200DD4CEC /* IshopApp.swift in Sources */ = {isa = PBXBuildFile; fileRef = CB6CD7C42BE7F1F200DD4CEC /* IshopApp.swift */; };
		CB6CD7C72BE7F1F200DD4CEC /* ContentView.swift in Sources */ = {isa = PBXBuildFile; fileRef = CB6CD7C62BE7F1F200DD4CEC /* ContentView.swift */; };
		CB6CD7C92BE7F1F300DD4CEC /* ISAssets.xcassets in Resources */ = {isa = PBXBuildFile; fileRef = CB6CD7C82BE7F1F300DD4CEC /* ISAssets.xcassets */; };
		CB6CD7CC2BE7F1F300DD4CEC /* Preview Assets.xcassets in Resources */ = {isa = PBXBuildFile; fileRef = CB6CD7CB2BE7F1F300DD4CEC /* Preview Assets.xcassets */; };
		CB6CD7D62BE7F1F300DD4CEC /* IshopTests.swift in Sources */ = {isa = PBXBuildFile; fileRef = CB6CD7D52BE7F1F300DD4CEC /* IshopTests.swift */; };
		CB6CD7E02BE7F1F300DD4CEC /* IshopUITests.swift in Sources */ = {isa = PBXBuildFile; fileRef = CB6CD7DF2BE7F1F300DD4CEC /* IshopUITests.swift */; };
		CB6CD7E22BE7F1F300DD4CEC /* IshopUITestsLaunchTests.swift in Sources */ = {isa = PBXBuildFile; fileRef = CB6CD7E12BE7F1F300DD4CEC /* IshopUITestsLaunchTests.swift */; };
		CB6CD7F32BE7F3B300DD4CEC /* ISSignInView.swift in Sources */ = {isa = PBXBuildFile; fileRef = CB6CD7F22BE7F3B300DD4CEC /* ISSignInView.swift */; };
		CB86FB492BEAF1A40018762E /* ISProductsView.swift in Sources */ = {isa = PBXBuildFile; fileRef = CB86FB482BEAF1A40018762E /* ISProductsView.swift */; };
		CB86FB4B2BEAF2470018762E /* ISProductsViewModel.swift in Sources */ = {isa = PBXBuildFile; fileRef = CB86FB4A2BEAF2470018762E /* ISProductsViewModel.swift */; };
		CB86FB4D2BEAF30F0018762E /* Product.swift in Sources */ = {isa = PBXBuildFile; fileRef = CB86FB4C2BEAF30F0018762E /* Product.swift */; };
		CB86FB4F2BEAF3DA0018762E /* Rating.swift in Sources */ = {isa = PBXBuildFile; fileRef = CB86FB4E2BEAF3DA0018762E /* Rating.swift */; };
		CB87E97D2BEB0326009A6DEA /* GetProductList.swift in Sources */ = {isa = PBXBuildFile; fileRef = CB87E97C2BEB0326009A6DEA /* GetProductList.swift */; };
		CB87E9872BEB0655009A6DEA /* ProductRepository.swift in Sources */ = {isa = PBXBuildFile; fileRef = CB87E9862BEB0655009A6DEA /* ProductRepository.swift */; };
		CBE0F9322BE9B12400F5FFB0 /* IshopAuth.framework in Frameworks */ = {isa = PBXBuildFile; fileRef = CBE0F9282BE9B12400F5FFB0 /* IshopAuth.framework */; };
		CBE0F93D2BE9B12400F5FFB0 /* IshopAuth.framework in Frameworks */ = {isa = PBXBuildFile; fileRef = CBE0F9282BE9B12400F5FFB0 /* IshopAuth.framework */; };
		CBE0F93E2BE9B12400F5FFB0 /* IshopAuth.framework in Embed Frameworks */ = {isa = PBXBuildFile; fileRef = CBE0F9282BE9B12400F5FFB0 /* IshopAuth.framework */; settings = {ATTRIBUTES = (CodeSignOnCopy, RemoveHeadersOnCopy, ); }; };
		CBE0F9492BE9B1E200F5FFB0 /* Alamofire in Frameworks */ = {isa = PBXBuildFile; productRef = CBE0F9482BE9B1E200F5FFB0 /* Alamofire */; };
/* End PBXBuildFile section */

/* Begin PBXContainerItemProxy section */
		CB6CD7D22BE7F1F300DD4CEC /* PBXContainerItemProxy */ = {
			isa = PBXContainerItemProxy;
			containerPortal = CB6CD7B92BE7F1F200DD4CEC /* Project object */;
			proxyType = 1;
			remoteGlobalIDString = CB6CD7C02BE7F1F200DD4CEC;
			remoteInfo = Ishop;
		};
		CB6CD7DC2BE7F1F300DD4CEC /* PBXContainerItemProxy */ = {
			isa = PBXContainerItemProxy;
			containerPortal = CB6CD7B92BE7F1F200DD4CEC /* Project object */;
			proxyType = 1;
			remoteGlobalIDString = CB6CD7C02BE7F1F200DD4CEC;
			remoteInfo = Ishop;
		};
		CBE0F9332BE9B12400F5FFB0 /* PBXContainerItemProxy */ = {
			isa = PBXContainerItemProxy;
			containerPortal = CB6CD7B92BE7F1F200DD4CEC /* Project object */;
			proxyType = 1;
			remoteGlobalIDString = CBE0F9272BE9B12400F5FFB0;
			remoteInfo = IshopAuth;
		};
		CBE0F9352BE9B12400F5FFB0 /* PBXContainerItemProxy */ = {
			isa = PBXContainerItemProxy;
			containerPortal = CB6CD7B92BE7F1F200DD4CEC /* Project object */;
			proxyType = 1;
			remoteGlobalIDString = CB6CD7C02BE7F1F200DD4CEC;
			remoteInfo = Ishop;
		};
		CBE0F93B2BE9B12400F5FFB0 /* PBXContainerItemProxy */ = {
			isa = PBXContainerItemProxy;
			containerPortal = CB6CD7B92BE7F1F200DD4CEC /* Project object */;
			proxyType = 1;
			remoteGlobalIDString = CBE0F9272BE9B12400F5FFB0;
			remoteInfo = IshopAuth;
		};
/* End PBXContainerItemProxy section */

/* Begin PBXCopyFilesBuildPhase section */
		CBE0F93F2BE9B12400F5FFB0 /* Embed Frameworks */ = {
			isa = PBXCopyFilesBuildPhase;
			buildActionMask = 2147483647;
			dstPath = "";
			dstSubfolderSpec = 10;
			files = (
				CBE0F93E2BE9B12400F5FFB0 /* IshopAuth.framework in Embed Frameworks */,
			);
			name = "Embed Frameworks";
			runOnlyForDeploymentPostprocessing = 0;
		};
/* End PBXCopyFilesBuildPhase section */

/* Begin PBXFileReference section */
		CB18FF152BF127D3003AFC51 /* ProductListFactory.swift */ = {isa = PBXFileReference; lastKnownFileType = sourcecode.swift; path = ProductListFactory.swift; sourceTree = "<group>"; };
		CB18FF1A2BF12BFD003AFC51 /* HTTPClient.swift */ = {isa = PBXFileReference; lastKnownFileType = sourcecode.swift; path = HTTPClient.swift; sourceTree = "<group>"; };
		CB192A4A2BED8E5600DF9088 /* ProductListRepositoryType.swift */ = {isa = PBXFileReference; lastKnownFileType = sourcecode.swift; path = ProductListRepositoryType.swift; sourceTree = "<group>"; };
		CB192A4C2BED8E8200DF9088 /* ProductDomainError.swift */ = {isa = PBXFileReference; lastKnownFileType = sourcecode.swift; path = ProductDomainError.swift; sourceTree = "<group>"; };
		CB192A502BED942800DF9088 /* RatingDTO.swift */ = {isa = PBXFileReference; lastKnownFileType = sourcecode.swift; path = RatingDTO.swift; sourceTree = "<group>"; };
		CB192A522BED943E00DF9088 /* ProductDTO.swift */ = {isa = PBXFileReference; lastKnownFileType = sourcecode.swift; path = ProductDTO.swift; sourceTree = "<group>"; };
		CB192A552BED948D00DF9088 /* HTTPClientError.swift */ = {isa = PBXFileReference; lastKnownFileType = sourcecode.swift; path = HTTPClientError.swift; sourceTree = "<group>"; };
		CB192A572BED94CE00DF9088 /* APIDataSourceType.swift */ = {isa = PBXFileReference; lastKnownFileType = sourcecode.swift; path = APIDataSourceType.swift; sourceTree = "<group>"; };
		CB192A592BED9B9000DF9088 /* APIProductDataSource.swift */ = {isa = PBXFileReference; lastKnownFileType = sourcecode.swift; path = APIProductDataSource.swift; sourceTree = "<group>"; };
		CB1BE2492BF6ECE4008DFA3A /* ISProductItem.swift */ = {isa = PBXFileReference; lastKnownFileType = sourcecode.swift; path = ISProductItem.swift; sourceTree = "<group>"; };
		CB63BBA12BF1740D00B8624F /* APIConstant.swift */ = {isa = PBXFileReference; lastKnownFileType = sourcecode.swift; path = APIConstant.swift; sourceTree = "<group>"; };
		CB6CD7C12BE7F1F200DD4CEC /* Ishop.app */ = {isa = PBXFileReference; explicitFileType = wrapper.application; includeInIndex = 0; path = Ishop.app; sourceTree = BUILT_PRODUCTS_DIR; };
		CB6CD7C42BE7F1F200DD4CEC /* IshopApp.swift */ = {isa = PBXFileReference; lastKnownFileType = sourcecode.swift; path = IshopApp.swift; sourceTree = "<group>"; };
		CB6CD7C62BE7F1F200DD4CEC /* ContentView.swift */ = {isa = PBXFileReference; lastKnownFileType = sourcecode.swift; path = ContentView.swift; sourceTree = "<group>"; };
		CB6CD7C82BE7F1F300DD4CEC /* ISAssets.xcassets */ = {isa = PBXFileReference; lastKnownFileType = folder.assetcatalog; path = ISAssets.xcassets; sourceTree = "<group>"; };
		CB6CD7CB2BE7F1F300DD4CEC /* Preview Assets.xcassets */ = {isa = PBXFileReference; lastKnownFileType = folder.assetcatalog; path = "Preview Assets.xcassets"; sourceTree = "<group>"; };
		CB6CD7D12BE7F1F300DD4CEC /* IshopTests.xctest */ = {isa = PBXFileReference; explicitFileType = wrapper.cfbundle; includeInIndex = 0; path = IshopTests.xctest; sourceTree = BUILT_PRODUCTS_DIR; };
		CB6CD7D52BE7F1F300DD4CEC /* IshopTests.swift */ = {isa = PBXFileReference; lastKnownFileType = sourcecode.swift; path = IshopTests.swift; sourceTree = "<group>"; };
		CB6CD7DB2BE7F1F300DD4CEC /* IshopUITests.xctest */ = {isa = PBXFileReference; explicitFileType = wrapper.cfbundle; includeInIndex = 0; path = IshopUITests.xctest; sourceTree = BUILT_PRODUCTS_DIR; };
		CB6CD7DF2BE7F1F300DD4CEC /* IshopUITests.swift */ = {isa = PBXFileReference; lastKnownFileType = sourcecode.swift; path = IshopUITests.swift; sourceTree = "<group>"; };
		CB6CD7E12BE7F1F300DD4CEC /* IshopUITestsLaunchTests.swift */ = {isa = PBXFileReference; lastKnownFileType = sourcecode.swift; path = IshopUITestsLaunchTests.swift; sourceTree = "<group>"; };
		CB6CD7F22BE7F3B300DD4CEC /* ISSignInView.swift */ = {isa = PBXFileReference; lastKnownFileType = sourcecode.swift; path = ISSignInView.swift; sourceTree = "<group>"; };
		CB86FB482BEAF1A40018762E /* ISProductsView.swift */ = {isa = PBXFileReference; lastKnownFileType = sourcecode.swift; path = ISProductsView.swift; sourceTree = "<group>"; };
		CB86FB4A2BEAF2470018762E /* ISProductsViewModel.swift */ = {isa = PBXFileReference; lastKnownFileType = sourcecode.swift; path = ISProductsViewModel.swift; sourceTree = "<group>"; };
		CB86FB4C2BEAF30F0018762E /* Product.swift */ = {isa = PBXFileReference; lastKnownFileType = sourcecode.swift; path = Product.swift; sourceTree = "<group>"; };
		CB86FB4E2BEAF3DA0018762E /* Rating.swift */ = {isa = PBXFileReference; lastKnownFileType = sourcecode.swift; path = Rating.swift; sourceTree = "<group>"; };
		CB87E97C2BEB0326009A6DEA /* GetProductList.swift */ = {isa = PBXFileReference; lastKnownFileType = sourcecode.swift; path = GetProductList.swift; sourceTree = "<group>"; };
		CB87E9862BEB0655009A6DEA /* ProductRepository.swift */ = {isa = PBXFileReference; lastKnownFileType = sourcecode.swift; path = ProductRepository.swift; sourceTree = "<group>"; };
		CBE0F9282BE9B12400F5FFB0 /* IshopAuth.framework */ = {isa = PBXFileReference; explicitFileType = wrapper.framework; includeInIndex = 0; path = IshopAuth.framework; sourceTree = BUILT_PRODUCTS_DIR; };
		CBE0F9312BE9B12400F5FFB0 /* IshopAuthTests.xctest */ = {isa = PBXFileReference; explicitFileType = wrapper.cfbundle; includeInIndex = 0; path = IshopAuthTests.xctest; sourceTree = BUILT_PRODUCTS_DIR; };
/* End PBXFileReference section */

/* Begin PBXFrameworksBuildPhase section */
		CB6CD7BE2BE7F1F200DD4CEC /* Frameworks */ = {
			isa = PBXFrameworksBuildPhase;
			buildActionMask = 2147483647;
			files = (
				CBE0F93D2BE9B12400F5FFB0 /* IshopAuth.framework in Frameworks */,
			);
			runOnlyForDeploymentPostprocessing = 0;
		};
		CB6CD7CE2BE7F1F300DD4CEC /* Frameworks */ = {
			isa = PBXFrameworksBuildPhase;
			buildActionMask = 2147483647;
			files = (
			);
			runOnlyForDeploymentPostprocessing = 0;
		};
		CB6CD7D82BE7F1F300DD4CEC /* Frameworks */ = {
			isa = PBXFrameworksBuildPhase;
			buildActionMask = 2147483647;
			files = (
			);
			runOnlyForDeploymentPostprocessing = 0;
		};
		CBE0F9252BE9B12400F5FFB0 /* Frameworks */ = {
			isa = PBXFrameworksBuildPhase;
			buildActionMask = 2147483647;
			files = (
				CBE0F9492BE9B1E200F5FFB0 /* Alamofire in Frameworks */,
			);
			runOnlyForDeploymentPostprocessing = 0;
		};
		CBE0F92E2BE9B12400F5FFB0 /* Frameworks */ = {
			isa = PBXFrameworksBuildPhase;
			buildActionMask = 2147483647;
			files = (
				CBE0F9322BE9B12400F5FFB0 /* IshopAuth.framework in Frameworks */,
			);
			runOnlyForDeploymentPostprocessing = 0;
		};
/* End PBXFrameworksBuildPhase section */

/* Begin PBXGroup section */
		CB18FF142BF127B9003AFC51 /* Composition Root */ = {
			isa = PBXGroup;
			children = (
				CB18FF152BF127D3003AFC51 /* ProductListFactory.swift */,
			);
			path = "Composition Root";
			sourceTree = "<group>";
		};
		CB18FF172BF12B07003AFC51 /* Infrastructure */ = {
			isa = PBXGroup;
			children = (
				CB18FF182BF12B14003AFC51 /* Networking */,
			);
			path = Infrastructure;
			sourceTree = "<group>";
		};
		CB18FF182BF12B14003AFC51 /* Networking */ = {
			isa = PBXGroup;
			children = (
				CB18FF1A2BF12BFD003AFC51 /* HTTPClient.swift */,
			);
			path = Networking;
			sourceTree = "<group>";
		};
		CB192A492BED8E3900DF9088 /* Interfaces */ = {
			isa = PBXGroup;
			children = (
				CB192A4A2BED8E5600DF9088 /* ProductListRepositoryType.swift */,
			);
			path = Interfaces;
			sourceTree = "<group>";
		};
		CB192A4F2BED941900DF9088 /* DTOs */ = {
			isa = PBXGroup;
			children = (
				CB192A502BED942800DF9088 /* RatingDTO.swift */,
				CB192A522BED943E00DF9088 /* ProductDTO.swift */,
			);
			path = DTOs;
			sourceTree = "<group>";
		};
		CB192A542BED947500DF9088 /* Networking */ = {
			isa = PBXGroup;
			children = (
				CB192A552BED948D00DF9088 /* HTTPClientError.swift */,
				CB192A572BED94CE00DF9088 /* APIDataSourceType.swift */,
				CB192A592BED9B9000DF9088 /* APIProductDataSource.swift */,
			);
			path = Networking;
			sourceTree = "<group>";
		};
		CB1BE2482BF6ECD2008DFA3A /* Modifiers */ = {
			isa = PBXGroup;
			children = (
				CB1BE2492BF6ECE4008DFA3A /* ISProductItem.swift */,
			);
			path = Modifiers;
			sourceTree = "<group>";
		};
		CB63BBA02BF173F500B8624F /* Constants */ = {
			isa = PBXGroup;
			children = (
				CB63BBA12BF1740D00B8624F /* APIConstant.swift */,
			);
			path = Constants;
			sourceTree = "<group>";
		};
		CB6CD7B82BE7F1F200DD4CEC = {
			isa = PBXGroup;
			children = (
				CB6CD7C32BE7F1F200DD4CEC /* Ishop */,
				CB6CD7D42BE7F1F300DD4CEC /* IshopTests */,
				CB6CD7DE2BE7F1F300DD4CEC /* IshopUITests */,
				CB6CD7C22BE7F1F200DD4CEC /* Products */,
				CBE0F9472BE9B1E200F5FFB0 /* Frameworks */,
			);
			sourceTree = "<group>";
		};
		CB6CD7C22BE7F1F200DD4CEC /* Products */ = {
			isa = PBXGroup;
			children = (
				CB6CD7C12BE7F1F200DD4CEC /* Ishop.app */,
				CB6CD7D12BE7F1F300DD4CEC /* IshopTests.xctest */,
				CB6CD7DB2BE7F1F300DD4CEC /* IshopUITests.xctest */,
				CBE0F9282BE9B12400F5FFB0 /* IshopAuth.framework */,
				CBE0F9312BE9B12400F5FFB0 /* IshopAuthTests.xctest */,
			);
			name = Products;
			sourceTree = "<group>";
		};
		CB6CD7C32BE7F1F200DD4CEC /* Ishop */ = {
			isa = PBXGroup;
			children = (
				CBE0F94D2BE9B6FD00F5FFB0 /* Application */,
				CB18FF142BF127B9003AFC51 /* Composition Root */,
				CBE0F94E2BE9B70700F5FFB0 /* Domain */,
				CB18FF172BF12B07003AFC51 /* Infrastructure */,
				CBE0F94F2BE9B70D00F5FFB0 /* Presentation */,
				CB9DCB102BF04ACC00ECC5E6 /* UI */,
			);
			path = Ishop;
			sourceTree = "<group>";
		};
		CB6CD7CA2BE7F1F300DD4CEC /* Preview Content */ = {
			isa = PBXGroup;
			children = (
				CB6CD7CB2BE7F1F300DD4CEC /* Preview Assets.xcassets */,
			);
			path = "Preview Content";
			sourceTree = "<group>";
		};
		CB6CD7D42BE7F1F300DD4CEC /* IshopTests */ = {
			isa = PBXGroup;
			children = (
				CB6CD7D52BE7F1F300DD4CEC /* IshopTests.swift */,
			);
			path = IshopTests;
			sourceTree = "<group>";
		};
		CB6CD7DE2BE7F1F300DD4CEC /* IshopUITests */ = {
			isa = PBXGroup;
			children = (
				CB6CD7DF2BE7F1F300DD4CEC /* IshopUITests.swift */,
				CB6CD7E12BE7F1F300DD4CEC /* IshopUITestsLaunchTests.swift */,
			);
			path = IshopUITests;
			sourceTree = "<group>";
		};
		CB6CD7EE2BE7F24200DD4CEC /* SupportingFiles */ = {
			isa = PBXGroup;
			children = (
				CB6CD7C82BE7F1F300DD4CEC /* ISAssets.xcassets */,
				CB6CD7C42BE7F1F200DD4CEC /* IshopApp.swift */,
				CB6CD7C62BE7F1F200DD4CEC /* ContentView.swift */,
			);
			path = SupportingFiles;
			sourceTree = "<group>";
		};
		CB86FB472BEAF1550018762E /* Products */ = {
			isa = PBXGroup;
			children = (
				CB86FB4A2BEAF2470018762E /* ISProductsViewModel.swift */,
			);
			path = Products;
			sourceTree = "<group>";
		};
		CB87E9852BEB0648009A6DEA /* Repositories */ = {
			isa = PBXGroup;
			children = (
				CB87E9862BEB0655009A6DEA /* ProductRepository.swift */,
			);
			path = Repositories;
			sourceTree = "<group>";
		};
		CB9DCB102BF04ACC00ECC5E6 /* UI */ = {
			isa = PBXGroup;
			children = (
				CB1BE2482BF6ECD2008DFA3A /* Modifiers */,
				CB6CD7CA2BE7F1F300DD4CEC /* Preview Content */,
				CB6CD7EE2BE7F24200DD4CEC /* SupportingFiles */,
				CB6CD7F22BE7F3B300DD4CEC /* ISSignInView.swift */,
				CB86FB482BEAF1A40018762E /* ISProductsView.swift */,
			);
			path = UI;
			sourceTree = "<group>";
		};
		CBE0F9472BE9B1E200F5FFB0 /* Frameworks */ = {
			isa = PBXGroup;
			children = (
			);
			name = Frameworks;
			sourceTree = "<group>";
		};
		CBE0F94D2BE9B6FD00F5FFB0 /* Application */ = {
			isa = PBXGroup;
			children = (
				CB63BBA02BF173F500B8624F /* Constants */,
				CB192A542BED947500DF9088 /* Networking */,
				CB192A4F2BED941900DF9088 /* DTOs */,
				CB87E9852BEB0648009A6DEA /* Repositories */,
			);
			path = Application;
			sourceTree = "<group>";
		};
		CBE0F94E2BE9B70700F5FFB0 /* Domain */ = {
			isa = PBXGroup;
			children = (
				CB192A492BED8E3900DF9088 /* Interfaces */,
				CBE0F9522BE9B7D500F5FFB0 /* UseCases */,
				CBE0F9502BE9B7BA00F5FFB0 /* Entities */,
				CB192A4C2BED8E8200DF9088 /* ProductDomainError.swift */,
			);
			path = Domain;
			sourceTree = "<group>";
		};
		CBE0F94F2BE9B70D00F5FFB0 /* Presentation */ = {
			isa = PBXGroup;
			children = (
				CB86FB472BEAF1550018762E /* Products */,
			);
			path = Presentation;
			sourceTree = "<group>";
		};
		CBE0F9502BE9B7BA00F5FFB0 /* Entities */ = {
			isa = PBXGroup;
			children = (
				CB86FB4C2BEAF30F0018762E /* Product.swift */,
				CB86FB4E2BEAF3DA0018762E /* Rating.swift */,
			);
			path = Entities;
			sourceTree = "<group>";
		};
		CBE0F9522BE9B7D500F5FFB0 /* UseCases */ = {
			isa = PBXGroup;
			children = (
				CB87E97C2BEB0326009A6DEA /* GetProductList.swift */,
			);
			path = UseCases;
			sourceTree = "<group>";
		};
/* End PBXGroup section */

/* Begin PBXHeadersBuildPhase section */
		CBE0F9232BE9B12400F5FFB0 /* Headers */ = {
			isa = PBXHeadersBuildPhase;
			buildActionMask = 2147483647;
			files = (
			);
			runOnlyForDeploymentPostprocessing = 0;
		};
/* End PBXHeadersBuildPhase section */

/* Begin PBXNativeTarget section */
		CB6CD7C02BE7F1F200DD4CEC /* Ishop */ = {
			isa = PBXNativeTarget;
			buildConfigurationList = CB6CD7E52BE7F1F300DD4CEC /* Build configuration list for PBXNativeTarget "Ishop" */;
			buildPhases = (
				CB6CD7BD2BE7F1F200DD4CEC /* Sources */,
				CB6CD7BE2BE7F1F200DD4CEC /* Frameworks */,
				CB6CD7BF2BE7F1F200DD4CEC /* Resources */,
				CBE0F93F2BE9B12400F5FFB0 /* Embed Frameworks */,
			);
			buildRules = (
			);
			dependencies = (
				CBE0F93C2BE9B12400F5FFB0 /* PBXTargetDependency */,
			);
			name = Ishop;
			productName = Ishop;
			productReference = CB6CD7C12BE7F1F200DD4CEC /* Ishop.app */;
			productType = "com.apple.product-type.application";
		};
		CB6CD7D02BE7F1F300DD4CEC /* IshopTests */ = {
			isa = PBXNativeTarget;
			buildConfigurationList = CB6CD7E82BE7F1F300DD4CEC /* Build configuration list for PBXNativeTarget "IshopTests" */;
			buildPhases = (
				CB6CD7CD2BE7F1F300DD4CEC /* Sources */,
				CB6CD7CE2BE7F1F300DD4CEC /* Frameworks */,
				CB6CD7CF2BE7F1F300DD4CEC /* Resources */,
			);
			buildRules = (
			);
			dependencies = (
				CB6CD7D32BE7F1F300DD4CEC /* PBXTargetDependency */,
			);
			name = IshopTests;
			productName = IshopTests;
			productReference = CB6CD7D12BE7F1F300DD4CEC /* IshopTests.xctest */;
			productType = "com.apple.product-type.bundle.unit-test";
		};
		CB6CD7DA2BE7F1F300DD4CEC /* IshopUITests */ = {
			isa = PBXNativeTarget;
			buildConfigurationList = CB6CD7EB2BE7F1F300DD4CEC /* Build configuration list for PBXNativeTarget "IshopUITests" */;
			buildPhases = (
				CB6CD7D72BE7F1F300DD4CEC /* Sources */,
				CB6CD7D82BE7F1F300DD4CEC /* Frameworks */,
				CB6CD7D92BE7F1F300DD4CEC /* Resources */,
			);
			buildRules = (
			);
			dependencies = (
				CB6CD7DD2BE7F1F300DD4CEC /* PBXTargetDependency */,
			);
			name = IshopUITests;
			productName = IshopUITests;
			productReference = CB6CD7DB2BE7F1F300DD4CEC /* IshopUITests.xctest */;
			productType = "com.apple.product-type.bundle.ui-testing";
		};
		CBE0F9272BE9B12400F5FFB0 /* IshopAuth */ = {
			isa = PBXNativeTarget;
			buildConfigurationList = CBE0F9442BE9B12400F5FFB0 /* Build configuration list for PBXNativeTarget "IshopAuth" */;
			buildPhases = (
				CBE0F9232BE9B12400F5FFB0 /* Headers */,
				CBE0F9242BE9B12400F5FFB0 /* Sources */,
				CBE0F9252BE9B12400F5FFB0 /* Frameworks */,
				CBE0F9262BE9B12400F5FFB0 /* Resources */,
			);
			buildRules = (
			);
			dependencies = (
			);
			name = IshopAuth;
			packageProductDependencies = (
				CBE0F9482BE9B1E200F5FFB0 /* Alamofire */,
			);
			productName = IshopAuth;
			productReference = CBE0F9282BE9B12400F5FFB0 /* IshopAuth.framework */;
			productType = "com.apple.product-type.framework";
		};
		CBE0F9302BE9B12400F5FFB0 /* IshopAuthTests */ = {
			isa = PBXNativeTarget;
			buildConfigurationList = CBE0F9452BE9B12400F5FFB0 /* Build configuration list for PBXNativeTarget "IshopAuthTests" */;
			buildPhases = (
				CBE0F92D2BE9B12400F5FFB0 /* Sources */,
				CBE0F92E2BE9B12400F5FFB0 /* Frameworks */,
				CBE0F92F2BE9B12400F5FFB0 /* Resources */,
			);
			buildRules = (
			);
			dependencies = (
				CBE0F9342BE9B12400F5FFB0 /* PBXTargetDependency */,
				CBE0F9362BE9B12400F5FFB0 /* PBXTargetDependency */,
			);
			name = IshopAuthTests;
			productName = IshopAuthTests;
			productReference = CBE0F9312BE9B12400F5FFB0 /* IshopAuthTests.xctest */;
			productType = "com.apple.product-type.bundle.unit-test";
		};
/* End PBXNativeTarget section */

/* Begin PBXProject section */
		CB6CD7B92BE7F1F200DD4CEC /* Project object */ = {
			isa = PBXProject;
			attributes = {
				BuildIndependentTargetsInParallel = 1;
				LastSwiftUpdateCheck = 1530;
				LastUpgradeCheck = 1530;
				TargetAttributes = {
					CB6CD7C02BE7F1F200DD4CEC = {
						CreatedOnToolsVersion = 15.3;
					};
					CB6CD7D02BE7F1F300DD4CEC = {
						CreatedOnToolsVersion = 15.3;
						TestTargetID = CB6CD7C02BE7F1F200DD4CEC;
					};
					CB6CD7DA2BE7F1F300DD4CEC = {
						CreatedOnToolsVersion = 15.3;
						TestTargetID = CB6CD7C02BE7F1F200DD4CEC;
					};
					CBE0F9272BE9B12400F5FFB0 = {
						CreatedOnToolsVersion = 15.3;
						LastSwiftMigration = 1530;
					};
					CBE0F9302BE9B12400F5FFB0 = {
						CreatedOnToolsVersion = 15.3;
						TestTargetID = CB6CD7C02BE7F1F200DD4CEC;
					};
				};
			};
			buildConfigurationList = CB6CD7BC2BE7F1F200DD4CEC /* Build configuration list for PBXProject "Ishop" */;
			compatibilityVersion = "Xcode 14.0";
			developmentRegion = en;
			hasScannedForEncodings = 0;
			knownRegions = (
				en,
				Base,
			);
			mainGroup = CB6CD7B82BE7F1F200DD4CEC;
			packageReferences = (
				CBE0F9462BE9B1D600F5FFB0 /* XCRemoteSwiftPackageReference "Alamofire" */,
			);
			productRefGroup = CB6CD7C22BE7F1F200DD4CEC /* Products */;
			projectDirPath = "";
			projectRoot = "";
			targets = (
				CB6CD7C02BE7F1F200DD4CEC /* Ishop */,
				CB6CD7D02BE7F1F300DD4CEC /* IshopTests */,
				CB6CD7DA2BE7F1F300DD4CEC /* IshopUITests */,
				CBE0F9272BE9B12400F5FFB0 /* IshopAuth */,
				CBE0F9302BE9B12400F5FFB0 /* IshopAuthTests */,
			);
		};
/* End PBXProject section */

/* Begin PBXResourcesBuildPhase section */
		CB6CD7BF2BE7F1F200DD4CEC /* Resources */ = {
			isa = PBXResourcesBuildPhase;
			buildActionMask = 2147483647;
			files = (
				CB6CD7CC2BE7F1F300DD4CEC /* Preview Assets.xcassets in Resources */,
				CB6CD7C92BE7F1F300DD4CEC /* ISAssets.xcassets in Resources */,
			);
			runOnlyForDeploymentPostprocessing = 0;
		};
		CB6CD7CF2BE7F1F300DD4CEC /* Resources */ = {
			isa = PBXResourcesBuildPhase;
			buildActionMask = 2147483647;
			files = (
			);
			runOnlyForDeploymentPostprocessing = 0;
		};
		CB6CD7D92BE7F1F300DD4CEC /* Resources */ = {
			isa = PBXResourcesBuildPhase;
			buildActionMask = 2147483647;
			files = (
			);
			runOnlyForDeploymentPostprocessing = 0;
		};
		CBE0F9262BE9B12400F5FFB0 /* Resources */ = {
			isa = PBXResourcesBuildPhase;
			buildActionMask = 2147483647;
			files = (
			);
			runOnlyForDeploymentPostprocessing = 0;
		};
		CBE0F92F2BE9B12400F5FFB0 /* Resources */ = {
			isa = PBXResourcesBuildPhase;
			buildActionMask = 2147483647;
			files = (
			);
			runOnlyForDeploymentPostprocessing = 0;
		};
/* End PBXResourcesBuildPhase section */

/* Begin PBXSourcesBuildPhase section */
		CB6CD7BD2BE7F1F200DD4CEC /* Sources */ = {
			isa = PBXSourcesBuildPhase;
			buildActionMask = 2147483647;
			files = (
				CB6CD7C72BE7F1F200DD4CEC /* ContentView.swift in Sources */,
				CB192A4B2BED8E5600DF9088 /* ProductListRepositoryType.swift in Sources */,
				CB87E9872BEB0655009A6DEA /* ProductRepository.swift in Sources */,
				CB6CD7F32BE7F3B300DD4CEC /* ISSignInView.swift in Sources */,
				CB86FB4B2BEAF2470018762E /* ISProductsViewModel.swift in Sources */,
				CB63BBA22BF1740D00B8624F /* APIConstant.swift in Sources */,
				CB87E97D2BEB0326009A6DEA /* GetProductList.swift in Sources */,
				CB192A582BED94CE00DF9088 /* APIDataSourceType.swift in Sources */,
				CB86FB492BEAF1A40018762E /* ISProductsView.swift in Sources */,
				CB18FF162BF127D3003AFC51 /* ProductListFactory.swift in Sources */,
				CB192A512BED942800DF9088 /* RatingDTO.swift in Sources */,
				CB192A562BED948D00DF9088 /* HTTPClientError.swift in Sources */,
				CB192A532BED943E00DF9088 /* ProductDTO.swift in Sources */,
				CB192A5A2BED9B9000DF9088 /* APIProductDataSource.swift in Sources */,
				CB6CD7C52BE7F1F200DD4CEC /* IshopApp.swift in Sources */,
				CB18FF1B2BF12BFD003AFC51 /* HTTPClient.swift in Sources */,
				CB86FB4D2BEAF30F0018762E /* Product.swift in Sources */,
				CB192A4D2BED8E8200DF9088 /* ProductDomainError.swift in Sources */,
				CB1BE24A2BF6ECE4008DFA3A /* ISProductItem.swift in Sources */,
				CB86FB4F2BEAF3DA0018762E /* Rating.swift in Sources */,
			);
			runOnlyForDeploymentPostprocessing = 0;
		};
		CB6CD7CD2BE7F1F300DD4CEC /* Sources */ = {
			isa = PBXSourcesBuildPhase;
			buildActionMask = 2147483647;
			files = (
				CB6CD7D62BE7F1F300DD4CEC /* IshopTests.swift in Sources */,
			);
			runOnlyForDeploymentPostprocessing = 0;
		};
		CB6CD7D72BE7F1F300DD4CEC /* Sources */ = {
			isa = PBXSourcesBuildPhase;
			buildActionMask = 2147483647;
			files = (
				CB6CD7E22BE7F1F300DD4CEC /* IshopUITestsLaunchTests.swift in Sources */,
				CB6CD7E02BE7F1F300DD4CEC /* IshopUITests.swift in Sources */,
			);
			runOnlyForDeploymentPostprocessing = 0;
		};
		CBE0F9242BE9B12400F5FFB0 /* Sources */ = {
			isa = PBXSourcesBuildPhase;
			buildActionMask = 2147483647;
			files = (
			);
			runOnlyForDeploymentPostprocessing = 0;
		};
		CBE0F92D2BE9B12400F5FFB0 /* Sources */ = {
			isa = PBXSourcesBuildPhase;
			buildActionMask = 2147483647;
			files = (
			);
			runOnlyForDeploymentPostprocessing = 0;
		};
/* End PBXSourcesBuildPhase section */

/* Begin PBXTargetDependency section */
		CB6CD7D32BE7F1F300DD4CEC /* PBXTargetDependency */ = {
			isa = PBXTargetDependency;
			target = CB6CD7C02BE7F1F200DD4CEC /* Ishop */;
			targetProxy = CB6CD7D22BE7F1F300DD4CEC /* PBXContainerItemProxy */;
		};
		CB6CD7DD2BE7F1F300DD4CEC /* PBXTargetDependency */ = {
			isa = PBXTargetDependency;
			target = CB6CD7C02BE7F1F200DD4CEC /* Ishop */;
			targetProxy = CB6CD7DC2BE7F1F300DD4CEC /* PBXContainerItemProxy */;
		};
		CBE0F9342BE9B12400F5FFB0 /* PBXTargetDependency */ = {
			isa = PBXTargetDependency;
			target = CBE0F9272BE9B12400F5FFB0 /* IshopAuth */;
			targetProxy = CBE0F9332BE9B12400F5FFB0 /* PBXContainerItemProxy */;
		};
		CBE0F9362BE9B12400F5FFB0 /* PBXTargetDependency */ = {
			isa = PBXTargetDependency;
			target = CB6CD7C02BE7F1F200DD4CEC /* Ishop */;
			targetProxy = CBE0F9352BE9B12400F5FFB0 /* PBXContainerItemProxy */;
		};
		CBE0F93C2BE9B12400F5FFB0 /* PBXTargetDependency */ = {
			isa = PBXTargetDependency;
			target = CBE0F9272BE9B12400F5FFB0 /* IshopAuth */;
			targetProxy = CBE0F93B2BE9B12400F5FFB0 /* PBXContainerItemProxy */;
		};
/* End PBXTargetDependency section */

/* Begin XCBuildConfiguration section */
		CB6CD7E32BE7F1F300DD4CEC /* Debug */ = {
			isa = XCBuildConfiguration;
			buildSettings = {
				ALWAYS_SEARCH_USER_PATHS = NO;
				ASSETCATALOG_COMPILER_GENERATE_SWIFT_ASSET_SYMBOL_EXTENSIONS = YES;
				CLANG_ANALYZER_NONNULL = YES;
				CLANG_ANALYZER_NUMBER_OBJECT_CONVERSION = YES_AGGRESSIVE;
				CLANG_CXX_LANGUAGE_STANDARD = "gnu++20";
				CLANG_ENABLE_MODULES = YES;
				CLANG_ENABLE_OBJC_ARC = YES;
				CLANG_ENABLE_OBJC_WEAK = YES;
				CLANG_WARN_BLOCK_CAPTURE_AUTORELEASING = YES;
				CLANG_WARN_BOOL_CONVERSION = YES;
				CLANG_WARN_COMMA = YES;
				CLANG_WARN_CONSTANT_CONVERSION = YES;
				CLANG_WARN_DEPRECATED_OBJC_IMPLEMENTATIONS = YES;
				CLANG_WARN_DIRECT_OBJC_ISA_USAGE = YES_ERROR;
				CLANG_WARN_DOCUMENTATION_COMMENTS = YES;
				CLANG_WARN_EMPTY_BODY = YES;
				CLANG_WARN_ENUM_CONVERSION = YES;
				CLANG_WARN_INFINITE_RECURSION = YES;
				CLANG_WARN_INT_CONVERSION = YES;
				CLANG_WARN_NON_LITERAL_NULL_CONVERSION = YES;
				CLANG_WARN_OBJC_IMPLICIT_RETAIN_SELF = YES;
				CLANG_WARN_OBJC_LITERAL_CONVERSION = YES;
				CLANG_WARN_OBJC_ROOT_CLASS = YES_ERROR;
				CLANG_WARN_QUOTED_INCLUDE_IN_FRAMEWORK_HEADER = YES;
				CLANG_WARN_RANGE_LOOP_ANALYSIS = YES;
				CLANG_WARN_STRICT_PROTOTYPES = YES;
				CLANG_WARN_SUSPICIOUS_MOVE = YES;
				CLANG_WARN_UNGUARDED_AVAILABILITY = YES_AGGRESSIVE;
				CLANG_WARN_UNREACHABLE_CODE = YES;
				CLANG_WARN__DUPLICATE_METHOD_MATCH = YES;
				COPY_PHASE_STRIP = NO;
				DEBUG_INFORMATION_FORMAT = dwarf;
				ENABLE_STRICT_OBJC_MSGSEND = YES;
				ENABLE_TESTABILITY = YES;
				ENABLE_USER_SCRIPT_SANDBOXING = YES;
				GCC_C_LANGUAGE_STANDARD = gnu17;
				GCC_DYNAMIC_NO_PIC = NO;
				GCC_NO_COMMON_BLOCKS = YES;
				GCC_OPTIMIZATION_LEVEL = 0;
				GCC_PREPROCESSOR_DEFINITIONS = (
					"DEBUG=1",
					"$(inherited)",
				);
				GCC_WARN_64_TO_32_BIT_CONVERSION = YES;
				GCC_WARN_ABOUT_RETURN_TYPE = YES_ERROR;
				GCC_WARN_UNDECLARED_SELECTOR = YES;
				GCC_WARN_UNINITIALIZED_AUTOS = YES_AGGRESSIVE;
				GCC_WARN_UNUSED_FUNCTION = YES;
				GCC_WARN_UNUSED_VARIABLE = YES;
				IPHONEOS_DEPLOYMENT_TARGET = 17.4;
				LOCALIZATION_PREFERS_STRING_CATALOGS = YES;
				MTL_ENABLE_DEBUG_INFO = INCLUDE_SOURCE;
				MTL_FAST_MATH = YES;
				ONLY_ACTIVE_ARCH = YES;
				SDKROOT = iphoneos;
				SWIFT_ACTIVE_COMPILATION_CONDITIONS = "DEBUG $(inherited)";
				SWIFT_OPTIMIZATION_LEVEL = "-Onone";
			};
			name = Debug;
		};
		CB6CD7E42BE7F1F300DD4CEC /* Release */ = {
			isa = XCBuildConfiguration;
			buildSettings = {
				ALWAYS_SEARCH_USER_PATHS = NO;
				ASSETCATALOG_COMPILER_GENERATE_SWIFT_ASSET_SYMBOL_EXTENSIONS = YES;
				CLANG_ANALYZER_NONNULL = YES;
				CLANG_ANALYZER_NUMBER_OBJECT_CONVERSION = YES_AGGRESSIVE;
				CLANG_CXX_LANGUAGE_STANDARD = "gnu++20";
				CLANG_ENABLE_MODULES = YES;
				CLANG_ENABLE_OBJC_ARC = YES;
				CLANG_ENABLE_OBJC_WEAK = YES;
				CLANG_WARN_BLOCK_CAPTURE_AUTORELEASING = YES;
				CLANG_WARN_BOOL_CONVERSION = YES;
				CLANG_WARN_COMMA = YES;
				CLANG_WARN_CONSTANT_CONVERSION = YES;
				CLANG_WARN_DEPRECATED_OBJC_IMPLEMENTATIONS = YES;
				CLANG_WARN_DIRECT_OBJC_ISA_USAGE = YES_ERROR;
				CLANG_WARN_DOCUMENTATION_COMMENTS = YES;
				CLANG_WARN_EMPTY_BODY = YES;
				CLANG_WARN_ENUM_CONVERSION = YES;
				CLANG_WARN_INFINITE_RECURSION = YES;
				CLANG_WARN_INT_CONVERSION = YES;
				CLANG_WARN_NON_LITERAL_NULL_CONVERSION = YES;
				CLANG_WARN_OBJC_IMPLICIT_RETAIN_SELF = YES;
				CLANG_WARN_OBJC_LITERAL_CONVERSION = YES;
				CLANG_WARN_OBJC_ROOT_CLASS = YES_ERROR;
				CLANG_WARN_QUOTED_INCLUDE_IN_FRAMEWORK_HEADER = YES;
				CLANG_WARN_RANGE_LOOP_ANALYSIS = YES;
				CLANG_WARN_STRICT_PROTOTYPES = YES;
				CLANG_WARN_SUSPICIOUS_MOVE = YES;
				CLANG_WARN_UNGUARDED_AVAILABILITY = YES_AGGRESSIVE;
				CLANG_WARN_UNREACHABLE_CODE = YES;
				CLANG_WARN__DUPLICATE_METHOD_MATCH = YES;
				COPY_PHASE_STRIP = NO;
				DEBUG_INFORMATION_FORMAT = "dwarf-with-dsym";
				ENABLE_NS_ASSERTIONS = NO;
				ENABLE_STRICT_OBJC_MSGSEND = YES;
				ENABLE_USER_SCRIPT_SANDBOXING = YES;
				GCC_C_LANGUAGE_STANDARD = gnu17;
				GCC_NO_COMMON_BLOCKS = YES;
				GCC_WARN_64_TO_32_BIT_CONVERSION = YES;
				GCC_WARN_ABOUT_RETURN_TYPE = YES_ERROR;
				GCC_WARN_UNDECLARED_SELECTOR = YES;
				GCC_WARN_UNINITIALIZED_AUTOS = YES_AGGRESSIVE;
				GCC_WARN_UNUSED_FUNCTION = YES;
				GCC_WARN_UNUSED_VARIABLE = YES;
				IPHONEOS_DEPLOYMENT_TARGET = 17.4;
				LOCALIZATION_PREFERS_STRING_CATALOGS = YES;
				MTL_ENABLE_DEBUG_INFO = NO;
				MTL_FAST_MATH = YES;
				SDKROOT = iphoneos;
				SWIFT_COMPILATION_MODE = wholemodule;
				VALIDATE_PRODUCT = YES;
			};
			name = Release;
		};
		CB6CD7E62BE7F1F300DD4CEC /* Debug */ = {
			isa = XCBuildConfiguration;
			buildSettings = {
				ASSETCATALOG_COMPILER_APPICON_NAME = AppIcon;
				ASSETCATALOG_COMPILER_GLOBAL_ACCENT_COLOR_NAME = AccentColor;
				CODE_SIGN_STYLE = Automatic;
				CURRENT_PROJECT_VERSION = 1;
				DEVELOPMENT_ASSET_PATHS = "\"Ishop/UI/Preview Content\"";
				ENABLE_PREVIEWS = YES;
				GENERATE_INFOPLIST_FILE = YES;
				INFOPLIST_KEY_CFBundleDisplayName = iShop;
				INFOPLIST_KEY_UIApplicationSceneManifest_Generation = YES;
				INFOPLIST_KEY_UIApplicationSupportsIndirectInputEvents = YES;
				INFOPLIST_KEY_UILaunchScreen_Generation = YES;
				INFOPLIST_KEY_UISupportedInterfaceOrientations_iPad = "UIInterfaceOrientationPortrait UIInterfaceOrientationPortraitUpsideDown UIInterfaceOrientationLandscapeLeft UIInterfaceOrientationLandscapeRight";
				INFOPLIST_KEY_UISupportedInterfaceOrientations_iPhone = "UIInterfaceOrientationPortrait UIInterfaceOrientationLandscapeLeft UIInterfaceOrientationLandscapeRight";
				LD_RUNPATH_SEARCH_PATHS = (
					"$(inherited)",
					"@executable_path/Frameworks",
				);
				MARKETING_VERSION = 1.0;
				PRODUCT_BUNDLE_IDENTIFIER = com.overhub.ishop;
				PRODUCT_NAME = "$(TARGET_NAME)";
				SWIFT_EMIT_LOC_STRINGS = YES;
				SWIFT_VERSION = 5.0;
				TARGETED_DEVICE_FAMILY = "1,2";
			};
			name = Debug;
		};
		CB6CD7E72BE7F1F300DD4CEC /* Release */ = {
			isa = XCBuildConfiguration;
			buildSettings = {
				ASSETCATALOG_COMPILER_APPICON_NAME = AppIcon;
				ASSETCATALOG_COMPILER_GLOBAL_ACCENT_COLOR_NAME = AccentColor;
				CODE_SIGN_STYLE = Automatic;
				CURRENT_PROJECT_VERSION = 1;
				DEVELOPMENT_ASSET_PATHS = "\"Ishop/UI/Preview Content\"";
				ENABLE_PREVIEWS = YES;
				GENERATE_INFOPLIST_FILE = YES;
				INFOPLIST_KEY_CFBundleDisplayName = iShop;
				INFOPLIST_KEY_UIApplicationSceneManifest_Generation = YES;
				INFOPLIST_KEY_UIApplicationSupportsIndirectInputEvents = YES;
				INFOPLIST_KEY_UILaunchScreen_Generation = YES;
				INFOPLIST_KEY_UISupportedInterfaceOrientations_iPad = "UIInterfaceOrientationPortrait UIInterfaceOrientationPortraitUpsideDown UIInterfaceOrientationLandscapeLeft UIInterfaceOrientationLandscapeRight";
				INFOPLIST_KEY_UISupportedInterfaceOrientations_iPhone = "UIInterfaceOrientationPortrait UIInterfaceOrientationLandscapeLeft UIInterfaceOrientationLandscapeRight";
				LD_RUNPATH_SEARCH_PATHS = (
					"$(inherited)",
					"@executable_path/Frameworks",
				);
				MARKETING_VERSION = 1.0;
				PRODUCT_BUNDLE_IDENTIFIER = com.overhub.ishop;
				PRODUCT_NAME = "$(TARGET_NAME)";
				SWIFT_EMIT_LOC_STRINGS = YES;
				SWIFT_VERSION = 5.0;
				TARGETED_DEVICE_FAMILY = "1,2";
			};
			name = Release;
		};
		CB6CD7E92BE7F1F300DD4CEC /* Debug */ = {
			isa = XCBuildConfiguration;
			buildSettings = {
				ALWAYS_EMBED_SWIFT_STANDARD_LIBRARIES = YES;
				BUNDLE_LOADER = "$(TEST_HOST)";
				CODE_SIGN_STYLE = Automatic;
				CURRENT_PROJECT_VERSION = 1;
				GENERATE_INFOPLIST_FILE = YES;
				IPHONEOS_DEPLOYMENT_TARGET = 17.4;
				MARKETING_VERSION = 1.0;
				PRODUCT_BUNDLE_IDENTIFIER = com.overhub.IshopTests;
				PRODUCT_NAME = "$(TARGET_NAME)";
				SWIFT_EMIT_LOC_STRINGS = NO;
				SWIFT_VERSION = 5.0;
				TARGETED_DEVICE_FAMILY = "1,2";
				TEST_HOST = "$(BUILT_PRODUCTS_DIR)/Ishop.app/$(BUNDLE_EXECUTABLE_FOLDER_PATH)/Ishop";
			};
			name = Debug;
		};
		CB6CD7EA2BE7F1F300DD4CEC /* Release */ = {
			isa = XCBuildConfiguration;
			buildSettings = {
				ALWAYS_EMBED_SWIFT_STANDARD_LIBRARIES = YES;
				BUNDLE_LOADER = "$(TEST_HOST)";
				CODE_SIGN_STYLE = Automatic;
				CURRENT_PROJECT_VERSION = 1;
				GENERATE_INFOPLIST_FILE = YES;
				IPHONEOS_DEPLOYMENT_TARGET = 17.4;
				MARKETING_VERSION = 1.0;
				PRODUCT_BUNDLE_IDENTIFIER = com.overhub.IshopTests;
				PRODUCT_NAME = "$(TARGET_NAME)";
				SWIFT_EMIT_LOC_STRINGS = NO;
				SWIFT_VERSION = 5.0;
				TARGETED_DEVICE_FAMILY = "1,2";
				TEST_HOST = "$(BUILT_PRODUCTS_DIR)/Ishop.app/$(BUNDLE_EXECUTABLE_FOLDER_PATH)/Ishop";
			};
			name = Release;
		};
		CB6CD7EC2BE7F1F300DD4CEC /* Debug */ = {
			isa = XCBuildConfiguration;
			buildSettings = {
				ALWAYS_EMBED_SWIFT_STANDARD_LIBRARIES = YES;
				CODE_SIGN_STYLE = Automatic;
				CURRENT_PROJECT_VERSION = 1;
				GENERATE_INFOPLIST_FILE = YES;
				MARKETING_VERSION = 1.0;
				PRODUCT_BUNDLE_IDENTIFIER = com.overhub.IshopUITests;
				PRODUCT_NAME = "$(TARGET_NAME)";
				SWIFT_EMIT_LOC_STRINGS = NO;
				SWIFT_VERSION = 5.0;
				TARGETED_DEVICE_FAMILY = "1,2";
				TEST_TARGET_NAME = Ishop;
			};
			name = Debug;
		};
		CB6CD7ED2BE7F1F300DD4CEC /* Release */ = {
			isa = XCBuildConfiguration;
			buildSettings = {
				ALWAYS_EMBED_SWIFT_STANDARD_LIBRARIES = YES;
				CODE_SIGN_STYLE = Automatic;
				CURRENT_PROJECT_VERSION = 1;
				GENERATE_INFOPLIST_FILE = YES;
				MARKETING_VERSION = 1.0;
				PRODUCT_BUNDLE_IDENTIFIER = com.overhub.IshopUITests;
				PRODUCT_NAME = "$(TARGET_NAME)";
				SWIFT_EMIT_LOC_STRINGS = NO;
				SWIFT_VERSION = 5.0;
				TARGETED_DEVICE_FAMILY = "1,2";
				TEST_TARGET_NAME = Ishop;
			};
			name = Release;
		};
		CBE0F9402BE9B12400F5FFB0 /* Debug */ = {
			isa = XCBuildConfiguration;
			buildSettings = {
				BUILD_LIBRARY_FOR_DISTRIBUTION = YES;
				CLANG_ENABLE_MODULES = YES;
				CODE_SIGN_STYLE = Automatic;
				CURRENT_PROJECT_VERSION = 1;
				DEFINES_MODULE = YES;
				DYLIB_COMPATIBILITY_VERSION = 1;
				DYLIB_CURRENT_VERSION = 1;
				DYLIB_INSTALL_NAME_BASE = "@rpath";
				ENABLE_MODULE_VERIFIER = YES;
				GENERATE_INFOPLIST_FILE = YES;
				INFOPLIST_KEY_NSHumanReadableCopyright = "";
				INSTALL_PATH = "$(LOCAL_LIBRARY_DIR)/Frameworks";
				LD_RUNPATH_SEARCH_PATHS = (
					"$(inherited)",
					"@executable_path/Frameworks",
					"@loader_path/Frameworks",
				);
				MARKETING_VERSION = 1.0;
				MODULE_VERIFIER_SUPPORTED_LANGUAGES = "objective-c objective-c++";
				MODULE_VERIFIER_SUPPORTED_LANGUAGE_STANDARDS = "gnu17 gnu++20";
				PRODUCT_BUNDLE_IDENTIFIER = com.overhub.IshopAuth;
				PRODUCT_NAME = "$(TARGET_NAME:c99extidentifier)";
				SKIP_INSTALL = YES;
				SWIFT_EMIT_LOC_STRINGS = YES;
				SWIFT_INSTALL_OBJC_HEADER = NO;
				SWIFT_OPTIMIZATION_LEVEL = "-Onone";
				SWIFT_VERSION = 5.0;
				TARGETED_DEVICE_FAMILY = "1,2";
				VERSIONING_SYSTEM = "apple-generic";
				VERSION_INFO_PREFIX = "";
			};
			name = Debug;
		};
		CBE0F9412BE9B12400F5FFB0 /* Release */ = {
			isa = XCBuildConfiguration;
			buildSettings = {
				BUILD_LIBRARY_FOR_DISTRIBUTION = YES;
				CLANG_ENABLE_MODULES = YES;
				CODE_SIGN_STYLE = Automatic;
				CURRENT_PROJECT_VERSION = 1;
				DEFINES_MODULE = YES;
				DYLIB_COMPATIBILITY_VERSION = 1;
				DYLIB_CURRENT_VERSION = 1;
				DYLIB_INSTALL_NAME_BASE = "@rpath";
				ENABLE_MODULE_VERIFIER = YES;
				GENERATE_INFOPLIST_FILE = YES;
				INFOPLIST_KEY_NSHumanReadableCopyright = "";
				INSTALL_PATH = "$(LOCAL_LIBRARY_DIR)/Frameworks";
				LD_RUNPATH_SEARCH_PATHS = (
					"$(inherited)",
					"@executable_path/Frameworks",
					"@loader_path/Frameworks",
				);
				MARKETING_VERSION = 1.0;
				MODULE_VERIFIER_SUPPORTED_LANGUAGES = "objective-c objective-c++";
				MODULE_VERIFIER_SUPPORTED_LANGUAGE_STANDARDS = "gnu17 gnu++20";
				PRODUCT_BUNDLE_IDENTIFIER = com.overhub.IshopAuth;
				PRODUCT_NAME = "$(TARGET_NAME:c99extidentifier)";
				SKIP_INSTALL = YES;
				SWIFT_EMIT_LOC_STRINGS = YES;
				SWIFT_INSTALL_OBJC_HEADER = NO;
				SWIFT_VERSION = 5.0;
				TARGETED_DEVICE_FAMILY = "1,2";
				VERSIONING_SYSTEM = "apple-generic";
				VERSION_INFO_PREFIX = "";
			};
			name = Release;
		};
		CBE0F9422BE9B12400F5FFB0 /* Debug */ = {
			isa = XCBuildConfiguration;
			buildSettings = {
				CODE_SIGN_STYLE = Automatic;
				CURRENT_PROJECT_VERSION = 1;
				DEVELOPMENT_TEAM = H8C9L4RHHV;
				GENERATE_INFOPLIST_FILE = YES;
				MARKETING_VERSION = 1.0;
				PRODUCT_BUNDLE_IDENTIFIER = com.overhub.IshopAuthTests;
				PRODUCT_NAME = "$(TARGET_NAME)";
				SWIFT_EMIT_LOC_STRINGS = NO;
				SWIFT_VERSION = 5.0;
				TARGETED_DEVICE_FAMILY = "1,2";
				TEST_HOST = "$(BUILT_PRODUCTS_DIR)/Ishop.app/$(BUNDLE_EXECUTABLE_FOLDER_PATH)/Ishop";
			};
			name = Debug;
		};
		CBE0F9432BE9B12400F5FFB0 /* Release */ = {
			isa = XCBuildConfiguration;
			buildSettings = {
				CODE_SIGN_STYLE = Automatic;
				CURRENT_PROJECT_VERSION = 1;
				DEVELOPMENT_TEAM = H8C9L4RHHV;
				GENERATE_INFOPLIST_FILE = YES;
				MARKETING_VERSION = 1.0;
				PRODUCT_BUNDLE_IDENTIFIER = com.overhub.IshopAuthTests;
				PRODUCT_NAME = "$(TARGET_NAME)";
				SWIFT_EMIT_LOC_STRINGS = NO;
				SWIFT_VERSION = 5.0;
				TARGETED_DEVICE_FAMILY = "1,2";
				TEST_HOST = "$(BUILT_PRODUCTS_DIR)/Ishop.app/$(BUNDLE_EXECUTABLE_FOLDER_PATH)/Ishop";
			};
			name = Release;
		};
/* End XCBuildConfiguration section */

/* Begin XCConfigurationList section */
		CB6CD7BC2BE7F1F200DD4CEC /* Build configuration list for PBXProject "Ishop" */ = {
			isa = XCConfigurationList;
			buildConfigurations = (
				CB6CD7E32BE7F1F300DD4CEC /* Debug */,
				CB6CD7E42BE7F1F300DD4CEC /* Release */,
			);
			defaultConfigurationIsVisible = 0;
			defaultConfigurationName = Release;
		};
		CB6CD7E52BE7F1F300DD4CEC /* Build configuration list for PBXNativeTarget "Ishop" */ = {
			isa = XCConfigurationList;
			buildConfigurations = (
				CB6CD7E62BE7F1F300DD4CEC /* Debug */,
				CB6CD7E72BE7F1F300DD4CEC /* Release */,
			);
			defaultConfigurationIsVisible = 0;
			defaultConfigurationName = Release;
		};
		CB6CD7E82BE7F1F300DD4CEC /* Build configuration list for PBXNativeTarget "IshopTests" */ = {
			isa = XCConfigurationList;
			buildConfigurations = (
				CB6CD7E92BE7F1F300DD4CEC /* Debug */,
				CB6CD7EA2BE7F1F300DD4CEC /* Release */,
			);
			defaultConfigurationIsVisible = 0;
			defaultConfigurationName = Release;
		};
		CB6CD7EB2BE7F1F300DD4CEC /* Build configuration list for PBXNativeTarget "IshopUITests" */ = {
			isa = XCConfigurationList;
			buildConfigurations = (
				CB6CD7EC2BE7F1F300DD4CEC /* Debug */,
				CB6CD7ED2BE7F1F300DD4CEC /* Release */,
			);
			defaultConfigurationIsVisible = 0;
			defaultConfigurationName = Release;
		};
		CBE0F9442BE9B12400F5FFB0 /* Build configuration list for PBXNativeTarget "IshopAuth" */ = {
			isa = XCConfigurationList;
			buildConfigurations = (
				CBE0F9402BE9B12400F5FFB0 /* Debug */,
				CBE0F9412BE9B12400F5FFB0 /* Release */,
			);
			defaultConfigurationIsVisible = 0;
			defaultConfigurationName = Release;
		};
		CBE0F9452BE9B12400F5FFB0 /* Build configuration list for PBXNativeTarget "IshopAuthTests" */ = {
			isa = XCConfigurationList;
			buildConfigurations = (
				CBE0F9422BE9B12400F5FFB0 /* Debug */,
				CBE0F9432BE9B12400F5FFB0 /* Release */,
			);
			defaultConfigurationIsVisible = 0;
			defaultConfigurationName = Release;
		};
/* End XCConfigurationList section */

/* Begin XCRemoteSwiftPackageReference section */
		CBE0F9462BE9B1D600F5FFB0 /* XCRemoteSwiftPackageReference "Alamofire" */ = {
			isa = XCRemoteSwiftPackageReference;
			repositoryURL = "https://github.com/Alamofire/Alamofire.git";
			requirement = {
				kind = upToNextMajorVersion;
				minimumVersion = 5.9.1;
			};
		};
/* End XCRemoteSwiftPackageReference section */

/* Begin XCSwiftPackageProductDependency section */
		CBE0F9482BE9B1E200F5FFB0 /* Alamofire */ = {
			isa = XCSwiftPackageProductDependency;
			package = CBE0F9462BE9B1D600F5FFB0 /* XCRemoteSwiftPackageReference "Alamofire" */;
			productName = Alamofire;
		};
/* End XCSwiftPackageProductDependency section */
	};
	rootObject = CB6CD7B92BE7F1F200DD4CEC /* Project object */;
}
